# This file was autogenerated by Stack.
# You should not edit this file by hand.
# For more information, please see the documentation at:
#   https://docs.haskellstack.org/en/stable/lock_files

packages:
- completed:
    hackage: wai-util-0.8@sha256:7181e748ccd405ecef5a586c954acb3d62b55b8eb7368efb5d80d6bf38e8211b,1260
    pantry-tree:
      size: 255
      sha256: b80c70adc40b866a4bf6ba0716806efdcce14235e1e6ae69a25cfde679d771e7
  original:
    hackage: wai-util-0.8
- completed:
    hackage: http-accept-0.2@sha256:c55935f6ff4984aee96ebc130cc9aa6919d322becb613c049a81203cec9fe65e,1154
    pantry-tree:
      size: 262
      sha256: faed5502bca51dd31fdff8277c344278bad508f3e695b6b767530e648a7e00a7
  original:
    hackage: http-accept-0.2
- completed:
    hackage: GLFW-0.5.2.5@sha256:fa54e997076a6b415c43100830e9b6ab6827c8766aef80e66d598de9b2400b93,3312
    pantry-tree:
      size: 3188
      sha256: 807b326716828a975ee2783c3911687f47ca4c4ff3b458c2578fa71dd884be8e
  original:
    hackage: GLFW-0.5.2.5
snapshots:
- completed:
    size: 500539
    url: https://raw.githubusercontent.com/commercialhaskell/stackage-snapshots/master/lts/13/28.yaml
    sha256: cdde1bfb38fdee21c6acb73d506e78f7e12e0a73892adbbbe56374ebef4d3adf
  original: lts-13.28
