# This file was autogenerated by Stack.
# You should not edit this file by hand.
# For more information, please see the documentation at:
#   https://docs.haskellstack.org/en/stable/lock_files

packages:
- completed:
    hackage: wai-util-0.8@sha256:7181e748ccd405ecef5a586c954acb3d62b55b8eb7368efb5d80d6bf38e8211b,1260
    pantry-tree:
      size: 255
      sha256: b80c70adc40b866a4bf6ba0716806efdcce14235e1e6ae69a25cfde679d771e7
  original:
    hackage: wai-util-0.8
- completed:
    hackage: http-accept-0.2@sha256:c55935f6ff4984aee96ebc130cc9aa6919d322becb613c049a81203cec9fe65e,1154
    pantry-tree:
      size: 262
      sha256: faed5502bca51dd31fdff8277c344278bad508f3e695b6b767530e648a7e00a7
  original:
    hackage: http-accept-0.2
- completed:
    hackage: GLFW-0.5.2.5@sha256:fa54e997076a6b415c43100830e9b6ab6827c8766aef80e66d598de9b2400b93,3312
    pantry-tree:
      size: 3188
      sha256: 807b326716828a975ee2783c3911687f47ca4c4ff3b458c2578fa71dd884be8e
  original:
    hackage: GLFW-0.5.2.5
- completed:
    hackage: mini-egison-1.0.0@sha256:43b1b7a25ff1c4945d3dc0264cfbe22f6ad2f59b3d6dcd2dc109289bacca34ce,2705
    pantry-tree:
      size: 748
      sha256: 1da128494f7fce9e6d6ebc50f3bcf6d1938284e52ed44df3445578d197916eca
  original:
    hackage: mini-egison-1.0.0
- completed:
    hackage: egison-pattern-src-0.2.1.0@sha256:8f4e72f25abb4f6cf8f1283774ae0d5030c44dad32838de2423c8f9644529c78,4197
    pantry-tree:
      size: 2873
      sha256: 1e840dc453284e8b8a284465fa3191ab82d2c72ac1382ab64be939b55c022e5b
  original:
    hackage: egison-pattern-src-0.2.1.0
- completed:
    hackage: egison-pattern-src-th-mode-0.2.1.0@sha256:4a5090587d9cacdc5d89328ef4bc4b1213c082fe87b4993c6e366a66628ca2a9,2703
    pantry-tree:
      size: 768
      sha256: 7a4207f4f930c2ff1a113bf613d1224e440d0c3dc8d9ebe6c63d35ba164bf8c0
  original:
    hackage: egison-pattern-src-th-mode-0.2.1.0
- completed:
    hackage: pretty-terminal-0.1.0.0@sha256:e9135d86ebb2a8e3aaf5a79088de4628dbd49988388e0fbfc26c5ecb3c399ad9,1638
    pantry-tree:
      size: 385
      sha256: fecec01e618890c284e57cb873b8f9531f479562b7cf08497aef097da3ef90ec
  original:
    hackage: pretty-terminal-0.1.0.0
- completed:
    hackage: strict-io-0.2.2@sha256:1cc96f9a123a919ff9ee479f740cbc9fa9edf7c8ac65334de3fdce07638949ed,1012
    pantry-tree:
      size: 345
      sha256: 2fd47d6f9374805075d176012d95d8ea28e643639b8d028f35f732618b5d1683
  original:
    hackage: strict-io-0.2.2
- completed:
    hackage: mysql-haskell-0.8.4.3@sha256:d3ca21ae8cc88670f8adb17c7cacb8bb770f1a58d60b5bff346d1f3fc843d98c,3489
    pantry-tree:
      size: 1754
      sha256: c974f4d4f24bb7e17d633301a442a0a5162d30e163cad618a961d61192b6debc
  original:
    hackage: mysql-haskell-0.8.4.3
- completed:
    hackage: sqlite-simple-0.4.18.0@sha256:3ceea56375c0a3590c814e411a4eb86943f8d31b93b110ca159c90689b6b39e5,3002
    pantry-tree:
      size: 1930
      sha256: e58b9955e483d51ee0966f8ba4384305d871480e2a38b32ee0fcd4573d74cf95
  original:
    hackage: sqlite-simple-0.4.18.0
- completed:
    hackage: wai-predicates-1.0.0@sha256:46ec4b4afcecac28810e6a13613fedc0c995419cb7c5e18d3dd62eed258b434f,2848
    pantry-tree:
      size: 1378
      sha256: 58c340a179ad44850ace6f5d7d14df2f2e8cc7fd95f8a83b1c0c19e8b777760b
  original:
    hackage: wai-predicates-1.0.0
- completed:
    hackage: direct-sqlite-2.3.26@sha256:04e835402f1508abca383182023e4e2b9b86297b8533afbd4e57d1a5652e0c23,3718
    pantry-tree:
      size: 770
      sha256: 11874ab21e10c5b54cd1e02a037b677dc1e2ee9986f38c599612c56654dc01c3
  original:
    hackage: direct-sqlite-2.3.26
- completed:
    hackage: tcp-streams-1.0.1.1@sha256:35e9ecfa515797052f8c3c01834d2daebd5e93f3152c7fc98b32652bf6f0c052,2329
    pantry-tree:
      size: 1004
      sha256: 572071fca40a0b6c4cc950d10277a6f12e83cf4846882b6ef83fcccaa2c18c45
  original:
    hackage: tcp-streams-1.0.1.1
- completed:
    hackage: wire-streams-0.1.1.0@sha256:08816c7fa53b20f52e5c465252c106d9de8e6d9580ec0b6d9f000a34c7bcefc8,2130
    pantry-tree:
      size: 506
      sha256: c99a12bfcbeacc5da8f166fbed1eb105a45f08be1a3a071fe9f903b386b14e1d
  original:
    hackage: wire-streams-0.1.1.0
snapshots:
- completed:
    size: 532386
    url: https://raw.githubusercontent.com/commercialhaskell/stackage-snapshots/master/lts/16/17.yaml
    sha256: d3ee1ae797cf63189c95cf27f00700304946c5cb3c1e6a82001cd6584a221e1b
  original: lts-16.17
